
Microsoft Visual Studio Solution File, Format Version 12.00
# Visual Studio Version 16
VisualStudioVersion = 16.0.30907.101
MinimumVisualStudioVersion = 10.0.40219.1
Project("{FAE04EC0-301F-11D3-BF4B-00C04F79EFBC}") = "UsingJavaScriptFunctionInCSharp", "UsingJavaScriptFunctionInCSharp.csproj", "{5A221E73-AF02-40A5-AEE8-77589262E3FF}"
EndProject
Global
	GlobalSection(SolutionConfigurationPlatforms) = preSolution
		Debug|Any CPU = Debug|Any CPU
		Release|Any CPU = Release|Any CPU
	EndGlobalSection
	GlobalSection(ProjectConfigurationPlatforms) = postSolution
		{5A221E73-AF02-40A5-AEE8-77589262E3FF}.Debug|Any CPU.ActiveCfg = Debug|Any CPU
		{5A221E73-AF02-40A5-AEE8-77589262E3FF}.Debug|Any CPU.Build.0 = Debug|Any CPU
		{5A221E73-AF02-40A5-AEE8-77589262E3FF}.Release|Any CPU.ActiveCfg = Release|Any CPU
		{5A221E73-AF02-40A5-AEE8-77589262E3FF}.Release|Any CPU.Build.0 = Release|Any CPU
	EndGlobalSection
	GlobalSection(SolutionProperties) = preSolution
		HideSolutionNode = FALSE
	EndGlobalSection
	GlobalSection(ExtensibilityGlobals) = postSolution
		SolutionGuid = {911BEC8D-950E-4528-B40E-8533739D7F3C}
	EndGlobalSection
EndGlobal
